// !$*UTF8*$!
{
	archiveVersion = 1;
	classes = {
	};
	objectVersion = 48;
	objects = {

/* Begin PBXBuildFile section */
		DE3ABB22201BCEB300DA922D /* AppDelegate.swift in Sources */ = {isa = PBXBuildFile; fileRef = DE3ABB21201BCEB300DA922D /* AppDelegate.swift */; };
		DE3ABB24201BCEB300DA922D /* RedViewController.swift in Sources */ = {isa = PBXBuildFile; fileRef = DE3ABB23201BCEB300DA922D /* RedViewController.swift */; };
		DE3ABB27201BCEB300DA922D /* Main.storyboard in Resources */ = {isa = PBXBuildFile; fileRef = DE3ABB25201BCEB300DA922D /* Main.storyboard */; };
		DE3ABB29201BCEB300DA922D /* Assets.xcassets in Resources */ = {isa = PBXBuildFile; fileRef = DE3ABB28201BCEB300DA922D /* Assets.xcassets */; };
		DE3ABB2C201BCEB300DA922D /* LaunchScreen.storyboard in Resources */ = {isa = PBXBuildFile; fileRef = DE3ABB2A201BCEB300DA922D /* LaunchScreen.storyboard */; };
		DEF656FC205B1BE50094E1E6 /* OrangeViewController.swift in Sources */ = {isa = PBXBuildFile; fileRef = DEF656FB205B1BE50094E1E6 /* OrangeViewController.swift */; };
		DEF656FE205B1CE50094E1E6 /* YellowViewController.swift in Sources */ = {isa = PBXBuildFile; fileRef = DEF656FD205B1CE50094E1E6 /* YellowViewController.swift */; };
		DEF65700205B1CF10094E1E6 /* GreenViewController.swift in Sources */ = {isa = PBXBuildFile; fileRef = DEF656FF205B1CF10094E1E6 /* GreenViewController.swift */; };
		DEF65702205B1CFC0094E1E6 /* BlueViewController.swift in Sources */ = {isa = PBXBuildFile; fileRef = DEF65701205B1CFC0094E1E6 /* BlueViewController.swift */; };
/* End PBXBuildFile section */

/* Begin PBXFileReference section */
		DE3ABB1E201BCEB300DA922D /* RainbowTabs.app */ = {isa = PBXFileReference; explicitFileType = wrapper.application; includeInIndex = 0; path = RainbowTabs.app; sourceTree = BUILT_PRODUCTS_DIR; };
		DE3ABB21201BCEB300DA922D /* AppDelegate.swift */ = {isa = PBXFileReference; lastKnownFileType = sourcecode.swift; path = AppDelegate.swift; sourceTree = "<group>"; };
		DE3ABB23201BCEB300DA922D /* RedViewController.swift */ = {isa = PBXFileReference; lastKnownFileType = sourcecode.swift; path = RedViewController.swift; sourceTree = "<group>"; };
		DE3ABB26201BCEB300DA922D /* Base */ = {isa = PBXFileReference; lastKnownFileType = file.storyboard; name = Base; path = Base.lproj/Main.storyboard; sourceTree = "<group>"; };
		DE3ABB28201BCEB300DA922D /* Assets.xcassets */ = {isa = PBXFileReference; lastKnownFileType = folder.assetcatalog; path = Assets.xcassets; sourceTree = "<group>"; };
		DE3ABB2B201BCEB300DA922D /* Base */ = {isa = PBXFileReference; lastKnownFileType = file.storyboard; name = Base; path = Base.lproj/LaunchScreen.storyboard; sourceTree = "<group>"; };
		DE3ABB2D201BCEB300DA922D /* Info.plist */ = {isa = PBXFileReference; lastKnownFileType = text.plist.xml; path = Info.plist; sourceTree = "<group>"; };
		DEF656FB205B1BE50094E1E6 /* OrangeViewController.swift */ = {isa = PBXFileReference; lastKnownFileType = sourcecode.swift; path = OrangeViewController.swift; sourceTree = "<group>"; };
		DEF656FD205B1CE50094E1E6 /* YellowViewController.swift */ = {isa = PBXFileReference; lastKnownFileType = sourcecode.swift; path = YellowViewController.swift; sourceTree = "<group>"; };
		DEF656FF205B1CF10094E1E6 /* GreenViewController.swift */ = {isa = PBXFileReference; lastKnownFileType = sourcecode.swift; path = GreenViewController.swift; sourceTree = "<group>"; };
		DEF65701205B1CFC0094E1E6 /* BlueViewController.swift */ = {isa = PBXFileReference; lastKnownFileType = sourcecode.swift; path = BlueViewController.swift; sourceTree = "<group>"; };
/* End PBXFileReference section */

/* Begin PBXFrameworksBuildPhase section */
		DE3ABB1B201BCEB300DA922D /* Frameworks */ = {
			isa = PBXFrameworksBuildPhase;
			buildActionMask = 2147483647;
			files = (
			);
			runOnlyForDeploymentPostprocessing = 0;
		};
/* End PBXFrameworksBuildPhase section */

/* Begin PBXGroup section */
		DE3ABB15201BCEB300DA922D = {
			isa = PBXGroup;
			children = (
				DE3ABB20201BCEB300DA922D /* RainbowTabs */,
				DE3ABB1F201BCEB300DA922D /* Products */,
			);
			sourceTree = "<group>";
		};
		DE3ABB1F201BCEB300DA922D /* Products */ = {
			isa = PBXGroup;
			children = (
				DE3ABB1E201BCEB300DA922D /* RainbowTabs.app */,
			);
			name = Products;
			sourceTree = "<group>";
		};
		DE3ABB20201BCEB300DA922D /* RainbowTabs */ = {
			isa = PBXGroup;
			children = (
				DE3ABB21201BCEB300DA922D /* AppDelegate.swift */,
				DE3ABB23201BCEB300DA922D /* RedViewController.swift */,
				DE3ABB25201BCEB300DA922D /* Main.storyboard */,
				DEF656FD205B1CE50094E1E6 /* YellowViewController.swift */,
				DEF656FF205B1CF10094E1E6 /* GreenViewController.swift */,
				DEF65701205B1CFC0094E1E6 /* BlueViewController.swift */,
				DEF656FB205B1BE50094E1E6 /* OrangeViewController.swift */,
				DE3ABB28201BCEB300DA922D /* Assets.xcassets */,
				DE3ABB2A201BCEB300DA922D /* LaunchScreen.storyboard */,
				DE3ABB2D201BCEB300DA922D /* Info.plist */,
			);
			path = RainbowTabs;
			sourceTree = "<group>";
		};
/* End PBXGroup section */

/* Begin PBXNativeTarget section */
		DE3ABB1D201BCEB300DA922D /* RainbowTabs */ = {
			isa = PBXNativeTarget;
			buildConfigurationList = DE3ABB30201BCEB300DA922D /* Build configuration list for PBXNativeTarget "RainbowTabs" */;
			buildPhases = (
				DE3ABB1A201BCEB300DA922D /* Sources */,
				DE3ABB1B201BCEB300DA922D /* Frameworks */,
				DE3ABB1C201BCEB300DA922D /* Resources */,
			);
			buildRules = (
			);
			dependencies = (
			);
			name = RainbowTabs;
			productName = RainbowTabs;
			productReference = DE3ABB1E201BCEB300DA922D /* RainbowTabs.app */;
			productType = "com.apple.product-type.application";
		};
/* End PBXNativeTarget section */

/* Begin PBXProject section */
		DE3ABB16201BCEB300DA922D /* Project object */ = {
			isa = PBXProject;
			attributes = {
				LastSwiftUpdateCheck = 0920;
				LastUpgradeCheck = 0920;
				ORGANIZATIONNAME = "Micah Grossman";
				TargetAttributes = {
					DE3ABB1D201BCEB300DA922D = {
						CreatedOnToolsVersion = 9.2;
						ProvisioningStyle = Automatic;
					};
				};
			};
			buildConfigurationList = DE3ABB19201BCEB300DA922D /* Build configuration list for PBXProject "RainbowTabs" */;
			compatibilityVersion = "Xcode 8.0";
			developmentRegion = en;
			hasScannedForEncodings = 0;
			knownRegions = (
				en,
				Base,
			);
			mainGroup = DE3ABB15201BCEB300DA922D;
			productRefGroup = DE3ABB1F201BCEB300DA922D /* Products */;
			projectDirPath = "";
			projectRoot = "";
			targets = (
				DE3ABB1D201BCEB300DA922D /* RainbowTabs */,
			);
		};
/* End PBXProject section */

/* Begin PBXResourcesBuildPhase section */
		DE3ABB1C201BCEB300DA922D /* Resources */ = {
			isa = PBXResourcesBuildPhase;
			buildActionMask = 2147483647;
			files = (
				DE3ABB2C201BCEB300DA922D /* LaunchScreen.storyboard in Resources */,
				DE3ABB29201BCEB300DA922D /* Assets.xcassets in Resources */,
				DE3ABB27201BCEB300DA922D /* Main.storyboard in Resources */,
			);
			runOnlyForDeploymentPostprocessing = 0;
		};
/* End PBXResourcesBuildPhase section */

/* Begin PBXSourcesBuildPhase section */
		DE3ABB1A201BCEB300DA922D /* Sources */ = {
			isa = PBXSourcesBuildPhase;
			buildActionMask = 2147483647;
			files = (
				DEF656FE205B1CE50094E1E6 /* YellowViewController.swift in Sources */,
				DE3ABB24201BCEB300DA922D /* RedViewController.swift in Sources */,
				DE3ABB22201BCEB300DA922D /* AppDelegate.swift in Sources */,
				DEF656FC205B1BE50094E1E6 /* OrangeViewController.swift in Sources */,
				DEF65702205B1CFC0094E1E6 /* BlueViewController.swift in Sources */,
				DEF65700205B1CF10094E1E6 /* GreenViewController.swift in Sources */,
			);
			runOnlyForDeploymentPostprocessing = 0;
		};
/* End PBXSourcesBuildPhase section */

/* Begin PBXVariantGroup section */
		DE3ABB25201BCEB300DA922D /* Main.storyboard */ = {
			isa = PBXVariantGroup;
			children = (
				DE3ABB26201BCEB300DA922D /* Base */,
			);
			name = Main.storyboard;
			sourceTree = "<group>";
		};
		DE3ABB2A201BCEB300DA922D /* LaunchScreen.storyboard */ = {
			isa = PBXVariantGroup;
			children = (
				DE3ABB2B201BCEB300DA922D /* Base */,
			);
			name = LaunchScreen.storyboard;
			sourceTree = "<group>";
		};
/* End PBXVariantGroup section */

/* Begin XCBuildConfiguration section */
		DE3ABB2E201BCEB300DA922D /* Debug */ = {
			isa = XCBuildConfiguration;
			buildSettings = {
				ALWAYS_SEARCH_USER_PATHS = NO;
				CLANG_ANALYZER_NONNULL = YES;
				CLANG_ANALYZER_NUMBER_OBJECT_CONVERSION = YES_AGGRESSIVE;
				CLANG_CXX_LANGUAGE_STANDARD = "gnu++14";
				CLANG_CXX_LIBRARY = "libc++";
				CLANG_ENABLE_MODULES = YES;
				CLANG_ENABLE_OBJC_ARC = YES;
				CLANG_WARN_BLOCK_CAPTURE_AUTORELEASING = YES;
				CLANG_WARN_BOOL_CONVERSION = YES;
				CLANG_WARN_COMMA = YES;
				CLANG_WARN_CONSTANT_CONVERSION = YES;
				CLANG_WARN_DIRECT_OBJC_ISA_USAGE = YES_ERROR;
				CLANG_WARN_DOCUMENTATION_COMMENTS = YES;
				CLANG_WARN_EMPTY_BODY = YES;
				CLANG_WARN_ENUM_CONVERSION = YES;
				CLANG_WARN_INFINITE_RECURSION = YES;
				CLANG_WARN_INT_CONVERSION = YES;
				CLANG_WARN_NON_LITERAL_NULL_CONVERSION = YES;
				CLANG_WARN_OBJC_LITERAL_CONVERSION = YES;
				CLANG_WARN_OBJC_ROOT_CLASS = YES_ERROR;
				CLANG_WARN_RANGE_LOOP_ANALYSIS = YES;
				CLANG_WARN_STRICT_PROTOTYPES = YES;
				CLANG_WARN_SUSPICIOUS_MOVE = YES;
				CLANG_WARN_UNGUARDED_AVAILABILITY = YES_AGGRESSIVE;
				CLANG_WARN_UNREACHABLE_CODE = YES;
				CLANG_WARN__DUPLICATE_METHOD_MATCH = YES;
				CODE_SIGN_IDENTITY = "iPhone Developer";
				COPY_PHASE_STRIP = NO;
				DEBUG_INFORMATION_FORMAT = dwarf;
				ENABLE_STRICT_OBJC_MSGSEND = YES;
				ENABLE_TESTABILITY = YES;
				GCC_C_LANGUAGE_STANDARD = gnu11;
				GCC_DYNAMIC_NO_PIC = NO;
				GCC_NO_COMMON_BLOCKS = YES;
				GCC_OPTIMIZATION_LEVEL = 0;
				GCC_PREPROCESSOR_DEFINITIONS = (
					"DEBUG=1",
					"$(inherited)",
				);
				GCC_WARN_64_TO_32_BIT_CONVERSION = YES;
				GCC_WARN_ABOUT_RETURN_TYPE = YES_ERROR;
				GCC_WARN_UNDECLARED_SELECTOR = YES;
				GCC_WARN_UNINITIALIZED_AUTOS = YES_AGGRESSIVE;
				GCC_WARN_UNUSED_FUNCTION = YES;
				GCC_WARN_UNUSED_VARIABLE = YES;
				IPHONEOS_DEPLOYMENT_TARGET = 11.2;
				MTL_ENABLE_DEBUG_INFO = YES;
				ONLY_ACTIVE_ARCH = YES;
				SDKROOT = iphoneos;
				SWIFT_ACTIVE_COMPILATION_CONDITIONS = DEBUG;
				SWIFT_OPTIMIZATION_LEVEL = "-Onone";
			};
			name = Debug;
		};
		DE3ABB2F201BCEB300DA922D /* Release */ = {
			isa = XCBuildConfiguration;
			buildSettings = {
				ALWAYS_SEARCH_USER_PATHS = NO;
				CLANG_ANALYZER_NONNULL = YES;
				CLANG_ANALYZER_NUMBER_OBJECT_CONVERSION = YES_AGGRESSIVE;
				CLANG_CXX_LANGUAGE_STANDARD = "gnu++14";
				CLANG_CXX_LIBRARY = "libc++";
				CLANG_ENABLE_MODULES = YES;
				CLANG_ENABLE_OBJC_ARC = YES;
				CLANG_WARN_BLOCK_CAPTURE_AUTORELEASING = YES;
				CLANG_WARN_BOOL_CONVERSION = YES;
				CLANG_WARN_COMMA = YES;
				CLANG_WARN_CONSTANT_CONVERSION = YES;
				CLANG_WARN_DIRECT_OBJC_ISA_USAGE = YES_ERROR;
				CLANG_WARN_DOCUMENTATION_COMMENTS = YES;
				CLANG_WARN_EMPTY_BODY = YES;
				CLANG_WARN_ENUM_CONVERSION = YES;
				CLANG_WARN_INFINITE_RECURSION = YES;
				CLANG_WARN_INT_CONVERSION = YES;
				CLANG_WARN_NON_LITERAL_NULL_CONVERSION = YES;
				CLANG_WARN_OBJC_LITERAL_CONVERSION = YES;
				CLANG_WARN_OBJC_ROOT_CLASS = YES_ERROR;
				CLANG_WARN_RANGE_LOOP_ANALYSIS = YES;
				CLANG_WARN_STRICT_PROTOTYPES = YES;
				CLANG_WARN_SUSPICIOUS_MOVE = YES;
				CLANG_WARN_UNGUARDED_AVAILABILITY = YES_AGGRESSIVE;
				CLANG_WARN_UNREACHABLE_CODE = YES;
				CLANG_WARN__DUPLICATE_METHOD_MATCH = YES;
				CODE_SIGN_IDENTITY = "iPhone Developer";
				COPY_PHASE_STRIP = NO;
				DEBUG_INFORMATION_FORMAT = "dwarf-with-dsym";
				ENABLE_NS_ASSERTIONS = NO;
				ENABLE_STRICT_OBJC_MSGSEND = YES;
				GCC_C_LANGUAGE_STANDARD = gnu11;
				GCC_NO_COMMON_BLOCKS = YES;
				GCC_WARN_64_TO_32_BIT_CONVERSION = YES;
				GCC_WARN_ABOUT_RETURN_TYPE = YES_ERROR;
				GCC_WARN_UNDECLARED_SELECTOR = YES;
				GCC_WARN_UNINITIALIZED_AUTOS = YES_AGGRESSIVE;
				GCC_WARN_UNUSED_FUNCTION = YES;
				GCC_WARN_UNUSED_VARIABLE = YES;
				IPHONEOS_DEPLOYMENT_TARGET = 11.2;
				MTL_ENABLE_DEBUG_INFO = NO;
				SDKROOT = iphoneos;
				SWIFT_OPTIMIZATION_LEVEL = "-Owholemodule";
				VALIDATE_PRODUCT = YES;
			};
			name = Release;
		};
		DE3ABB31201BCEB300DA922D /* Debug */ = {
			isa = XCBuildConfiguration;
			buildSettings = {
				ASSETCATALOG_COMPILER_APPICON_NAME = AppIcon;
				CODE_SIGN_STYLE = Automatic;
				DEVELOPMENT_TEAM = 4BM7S275SP;
				INFOPLIST_FILE = RainbowTabs/Info.plist;
				LD_RUNPATH_SEARCH_PATHS = "$(inherited) @executable_path/Frameworks";
				PRODUCT_BUNDLE_IDENTIFIER = "com.example-now.RainbowTabs";
				PRODUCT_NAME = "$(TARGET_NAME)";
				SWIFT_VERSION = 4.0;
				TARGETED_DEVICE_FAMILY = "1,2";
			};
			name = Debug;
		};
		DE3ABB32201BCEB300DA922D /* Release */ = {
			isa = XCBuildConfiguration;
			buildSettings = {
				ASSETCATALOG_COMPILER_APPICON_NAME = AppIcon;
				CODE_SIGN_STYLE = Automatic;
				DEVELOPMENT_TEAM = 4BM7S275SP;
				INFOPLIST_FILE = RainbowTabs/Info.plist;
				LD_RUNPATH_SEARCH_PATHS = "$(inherited) @executable_path/Frameworks";
				PRODUCT_BUNDLE_IDENTIFIER = "com.example-now.RainbowTabs";
				PRODUCT_NAME = "$(TARGET_NAME)";
				SWIFT_VERSION = 4.0;
				TARGETED_DEVICE_FAMILY = "1,2";
			};
			name = Release;
		};
/* End XCBuildConfiguration section */

/* Begin XCConfigurationList section */
		DE3ABB19201BCEB300DA922D /* Build configuration list for PBXProject "RainbowTabs" */ = {
			isa = XCConfigurationList;
			buildConfigurations = (
				DE3ABB2E201BCEB300DA922D /* Debug */,
				DE3ABB2F201BCEB300DA922D /* Release */,
			);
			defaultConfigurationIsVisible = 0;
			defaultConfigurationName = Release;
		};
		DE3ABB30201BCEB300DA922D /* Build configuration list for PBXNativeTarget "RainbowTabs" */ = {
			isa = XCConfigurationList;
			buildConfigurations = (
				DE3ABB31201BCEB300DA922D /* Debug */,
				DE3ABB32201BCEB300DA922D /* Release */,
			);
			defaultConfigurationIsVisible = 0;
			defaultConfigurationName = Release;
		};
/* End XCConfigurationList section */
	};
	rootObject = DE3ABB16201BCEB300DA922D /* Project object */;
}
